
Microsoft Visual Studio Solution File, Format Version 12.00
# Visual Studio 2015
Project("{FAE04EC0-301F-11D3-BF4B-00C04F79EFBC}") = "3003-b3-av3-master", "3003-b3-av3-master.csproj", "{B2B7670C-3E49-DEFD-DD67-342D28A4D3FD}"
EndProject
Project("{FAE04EC0-301F-11D3-BF4B-00C04F79EFBC}") = "3003-b3-av3-master.Editor", "3003-b3-av3-master.Editor.csproj", "{BF1D1936-2132-E4BB-4160-A71523515C44}"
EndProject
Global
	GlobalSection(SolutionConfigurationPlatforms) = preSolution
		Debug|Any CPU = Debug|Any CPU
		Release|Any CPU = Release|Any CPU
	EndGlobalSection
	GlobalSection(ProjectConfigurationPlatforms) = postSolution
		{B2B7670C-3E49-DEFD-DD67-342D28A4D3FD}.Debug|Any CPU.ActiveCfg = Debug|Any CPU
		{B2B7670C-3E49-DEFD-DD67-342D28A4D3FD}.Debug|Any CPU.Build.0 = Debug|Any CPU
		{B2B7670C-3E49-DEFD-DD67-342D28A4D3FD}.Release|Any CPU.ActiveCfg = Release|Any CPU
		{B2B7670C-3E49-DEFD-DD67-342D28A4D3FD}.Release|Any CPU.Build.0 = Release|Any CPU
		{BF1D1936-2132-E4BB-4160-A71523515C44}.Debug|Any CPU.ActiveCfg = Debug|Any CPU
		{BF1D1936-2132-E4BB-4160-A71523515C44}.Debug|Any CPU.Build.0 = Debug|Any CPU
		{BF1D1936-2132-E4BB-4160-A71523515C44}.Release|Any CPU.ActiveCfg = Release|Any CPU
		{BF1D1936-2132-E4BB-4160-A71523515C44}.Release|Any CPU.Build.0 = Release|Any CPU
	EndGlobalSection
	GlobalSection(SolutionProperties) = preSolution
		HideSolutionNode = FALSE
	EndGlobalSection
EndGlobal
